// !$*UTF8*$!
{
	archiveVersion = 1;
	classes = {
	};
	objectVersion = 55;
	objects = {

/* Begin PBXBuildFile section */
		70CCCFEA2A056C6400B0610F /* GistsCleanSwiftPresenter.swift in Sources */ = {isa = PBXBuildFile; fileRef = 70CCCFE42A056C6400B0610F /* GistsCleanSwiftPresenter.swift */; };
		70CCCFEC2A056C6400B0610F /* GistsCleanSwiftRouter.swift in Sources */ = {isa = PBXBuildFile; fileRef = 70CCCFE62A056C6400B0610F /* GistsCleanSwiftRouter.swift */; };
		70CCCFED2A056C6400B0610F /* GistsCleanSwiftModels.swift in Sources */ = {isa = PBXBuildFile; fileRef = 70CCCFE72A056C6400B0610F /* GistsCleanSwiftModels.swift */; };
		70CCCFEE2A056C6400B0610F /* GistsCleanSwiftViewController.swift in Sources */ = {isa = PBXBuildFile; fileRef = 70CCCFE82A056C6400B0610F /* GistsCleanSwiftViewController.swift */; };
		70CCCFEF2A056C6400B0610F /* GistsCleanSwiftInteractor.swift in Sources */ = {isa = PBXBuildFile; fileRef = 70CCCFE92A056C6400B0610F /* GistsCleanSwiftInteractor.swift */; };
		70CCCFF12A0694F500B0610F /* GistCell.swift in Sources */ = {isa = PBXBuildFile; fileRef = 70CCCFF02A0694F400B0610F /* GistCell.swift */; };
		70CCCFF32A06953E00B0610F /* GistViewController.swift in Sources */ = {isa = PBXBuildFile; fileRef = 70CCCFF22A06953E00B0610F /* GistViewController.swift */; };
		70CCCFF52A069C2300B0610F /* Main.storyboard in Resources */ = {isa = PBXBuildFile; fileRef = 70CCCFF42A069C2300B0610F /* Main.storyboard */; };
		70D5F59C2A1955A300E7BFC6 /* HTTPMethod.swift in Sources */ = {isa = PBXBuildFile; fileRef = 70D5F59B2A1955A300E7BFC6 /* HTTPMethod.swift */; };
		70D5F59E2A1955BC00E7BFC6 /* NetworkError.swift in Sources */ = {isa = PBXBuildFile; fileRef = 70D5F59D2A1955BC00E7BFC6 /* NetworkError.swift */; };
		70D5F5A02A1955CE00E7BFC6 /* NetworkClient.swift in Sources */ = {isa = PBXBuildFile; fileRef = 70D5F59F2A1955CE00E7BFC6 /* NetworkClient.swift */; };
		70D5F5A22A1955E200E7BFC6 /* CreateBodyStruct.swift in Sources */ = {isa = PBXBuildFile; fileRef = 70D5F5A12A1955E200E7BFC6 /* CreateBodyStruct.swift */; };
		70EB4A7C28661E710012BF4F /* AppDelegate.swift in Sources */ = {isa = PBXBuildFile; fileRef = 70EB4A7B28661E710012BF4F /* AppDelegate.swift */; };
		70EB4A7E28661E710012BF4F /* SceneDelegate.swift in Sources */ = {isa = PBXBuildFile; fileRef = 70EB4A7D28661E710012BF4F /* SceneDelegate.swift */; };
		70EB4A8528661E730012BF4F /* Assets.xcassets in Resources */ = {isa = PBXBuildFile; fileRef = 70EB4A8428661E730012BF4F /* Assets.xcassets */; };
		70EB4A8828661E730012BF4F /* LaunchScreen.storyboard in Resources */ = {isa = PBXBuildFile; fileRef = 70EB4A8628661E730012BF4F /* LaunchScreen.storyboard */; };
/* End PBXBuildFile section */

/* Begin PBXFileReference section */
		70CCCFE42A056C6400B0610F /* GistsCleanSwiftPresenter.swift */ = {isa = PBXFileReference; lastKnownFileType = sourcecode.swift; path = GistsCleanSwiftPresenter.swift; sourceTree = "<group>"; };
		70CCCFE62A056C6400B0610F /* GistsCleanSwiftRouter.swift */ = {isa = PBXFileReference; lastKnownFileType = sourcecode.swift; path = GistsCleanSwiftRouter.swift; sourceTree = "<group>"; };
		70CCCFE72A056C6400B0610F /* GistsCleanSwiftModels.swift */ = {isa = PBXFileReference; lastKnownFileType = sourcecode.swift; path = GistsCleanSwiftModels.swift; sourceTree = "<group>"; };
		70CCCFE82A056C6400B0610F /* GistsCleanSwiftViewController.swift */ = {isa = PBXFileReference; lastKnownFileType = sourcecode.swift; path = GistsCleanSwiftViewController.swift; sourceTree = "<group>"; };
		70CCCFE92A056C6400B0610F /* GistsCleanSwiftInteractor.swift */ = {isa = PBXFileReference; lastKnownFileType = sourcecode.swift; path = GistsCleanSwiftInteractor.swift; sourceTree = "<group>"; };
		70CCCFF02A0694F400B0610F /* GistCell.swift */ = {isa = PBXFileReference; lastKnownFileType = sourcecode.swift; path = GistCell.swift; sourceTree = "<group>"; };
		70CCCFF22A06953E00B0610F /* GistViewController.swift */ = {isa = PBXFileReference; lastKnownFileType = sourcecode.swift; path = GistViewController.swift; sourceTree = "<group>"; };
		70CCCFF42A069C2300B0610F /* Main.storyboard */ = {isa = PBXFileReference; lastKnownFileType = file.storyboard; path = Main.storyboard; sourceTree = "<group>"; };
		70D5F59B2A1955A300E7BFC6 /* HTTPMethod.swift */ = {isa = PBXFileReference; lastKnownFileType = sourcecode.swift; path = HTTPMethod.swift; sourceTree = "<group>"; };
		70D5F59D2A1955BC00E7BFC6 /* NetworkError.swift */ = {isa = PBXFileReference; lastKnownFileType = sourcecode.swift; path = NetworkError.swift; sourceTree = "<group>"; };
		70D5F59F2A1955CE00E7BFC6 /* NetworkClient.swift */ = {isa = PBXFileReference; lastKnownFileType = sourcecode.swift; path = NetworkClient.swift; sourceTree = "<group>"; };
		70D5F5A12A1955E200E7BFC6 /* CreateBodyStruct.swift */ = {isa = PBXFileReference; lastKnownFileType = sourcecode.swift; path = CreateBodyStruct.swift; sourceTree = "<group>"; };
		70EB4A7828661E710012BF4F /* Gists.app */ = {isa = PBXFileReference; explicitFileType = wrapper.application; includeInIndex = 0; path = Gists.app; sourceTree = BUILT_PRODUCTS_DIR; };
		70EB4A7B28661E710012BF4F /* AppDelegate.swift */ = {isa = PBXFileReference; lastKnownFileType = sourcecode.swift; path = AppDelegate.swift; sourceTree = "<group>"; };
		70EB4A7D28661E710012BF4F /* SceneDelegate.swift */ = {isa = PBXFileReference; lastKnownFileType = sourcecode.swift; path = SceneDelegate.swift; sourceTree = "<group>"; };
		70EB4A8428661E730012BF4F /* Assets.xcassets */ = {isa = PBXFileReference; lastKnownFileType = folder.assetcatalog; path = Assets.xcassets; sourceTree = "<group>"; };
		70EB4A8728661E730012BF4F /* Base */ = {isa = PBXFileReference; lastKnownFileType = file.storyboard; name = Base; path = Base.lproj/LaunchScreen.storyboard; sourceTree = "<group>"; };
		70EB4A8928661E730012BF4F /* Info.plist */ = {isa = PBXFileReference; lastKnownFileType = text.plist.xml; path = Info.plist; sourceTree = "<group>"; };
/* End PBXFileReference section */

/* Begin PBXFrameworksBuildPhase section */
		70EB4A7528661E710012BF4F /* Frameworks */ = {
			isa = PBXFrameworksBuildPhase;
			buildActionMask = 2147483647;
			files = (
			);
			runOnlyForDeploymentPostprocessing = 0;
		};
/* End PBXFrameworksBuildPhase section */

/* Begin PBXGroup section */
		70D5F59A2A19556E00E7BFC6 /* Services */ = {
			isa = PBXGroup;
			children = (
				70D5F59B2A1955A300E7BFC6 /* HTTPMethod.swift */,
				70D5F59D2A1955BC00E7BFC6 /* NetworkError.swift */,
				70D5F59F2A1955CE00E7BFC6 /* NetworkClient.swift */,
				70D5F5A12A1955E200E7BFC6 /* CreateBodyStruct.swift */,
			);
			path = Services;
			sourceTree = "<group>";
		};
		70EB4A6F28661E710012BF4F = {
			isa = PBXGroup;
			children = (
				70EB4A7A28661E710012BF4F /* Gists */,
				70EB4A7928661E710012BF4F /* Products */,
			);
			sourceTree = "<group>";
		};
		70EB4A7928661E710012BF4F /* Products */ = {
			isa = PBXGroup;
			children = (
				70EB4A7828661E710012BF4F /* Gists.app */,
			);
			name = Products;
			sourceTree = "<group>";
		};
		70EB4A7A28661E710012BF4F /* Gists */ = {
			isa = PBXGroup;
			children = (
				70D5F59A2A19556E00E7BFC6 /* Services */,
				70EB4A7D28661E710012BF4F /* SceneDelegate.swift */,
				70CCCFE42A056C6400B0610F /* GistsCleanSwiftPresenter.swift */,
				70CCCFE62A056C6400B0610F /* GistsCleanSwiftRouter.swift */,
				70CCCFE72A056C6400B0610F /* GistsCleanSwiftModels.swift */,
				70CCCFE82A056C6400B0610F /* GistsCleanSwiftViewController.swift */,
				70CCCFE92A056C6400B0610F /* GistsCleanSwiftInteractor.swift */,
				70EB4A8428661E730012BF4F /* Assets.xcassets */,
				70EB4A8628661E730012BF4F /* LaunchScreen.storyboard */,
				70EB4A8928661E730012BF4F /* Info.plist */,
				70CCCFF02A0694F400B0610F /* GistCell.swift */,
				70CCCFF22A06953E00B0610F /* GistViewController.swift */,
				70EB4A7B28661E710012BF4F /* AppDelegate.swift */,
				70CCCFF42A069C2300B0610F /* Main.storyboard */,
			);
			path = Gists;
			sourceTree = "<group>";
		};
/* End PBXGroup section */

/* Begin PBXNativeTarget section */
		70EB4A7728661E710012BF4F /* Gists */ = {
			isa = PBXNativeTarget;
			buildConfigurationList = 70EB4A8C28661E730012BF4F /* Build configuration list for PBXNativeTarget "Gists" */;
			buildPhases = (
				70EB4A7428661E710012BF4F /* Sources */,
				70EB4A7528661E710012BF4F /* Frameworks */,
				70EB4A7628661E710012BF4F /* Resources */,
			);
			buildRules = (
			);
			dependencies = (
			);
			name = Gists;
			productName = Gists;
			productReference = 70EB4A7828661E710012BF4F /* Gists.app */;
			productType = "com.apple.product-type.application";
		};
/* End PBXNativeTarget section */

/* Begin PBXProject section */
		70EB4A7028661E710012BF4F /* Project object */ = {
			isa = PBXProject;
			attributes = {
				BuildIndependentTargetsInParallel = 1;
				LastSwiftUpdateCheck = 1340;
				LastUpgradeCheck = 1340;
				TargetAttributes = {
					70EB4A7728661E710012BF4F = {
						CreatedOnToolsVersion = 13.4.1;
					};
				};
			};
			buildConfigurationList = 70EB4A7328661E710012BF4F /* Build configuration list for PBXProject "Gists" */;
			compatibilityVersion = "Xcode 13.0";
			developmentRegion = en;
			hasScannedForEncodings = 0;
			knownRegions = (
				en,
				Base,
			);
			mainGroup = 70EB4A6F28661E710012BF4F;
			productRefGroup = 70EB4A7928661E710012BF4F /* Products */;
			projectDirPath = "";
			projectRoot = "";
			targets = (
				70EB4A7728661E710012BF4F /* Gists */,
			);
		};
/* End PBXProject section */

/* Begin PBXResourcesBuildPhase section */
		70EB4A7628661E710012BF4F /* Resources */ = {
			isa = PBXResourcesBuildPhase;
			buildActionMask = 2147483647;
			files = (
				70CCCFF52A069C2300B0610F /* Main.storyboard in Resources */,
				70EB4A8828661E730012BF4F /* LaunchScreen.storyboard in Resources */,
				70EB4A8528661E730012BF4F /* Assets.xcassets in Resources */,
			);
			runOnlyForDeploymentPostprocessing = 0;
		};
/* End PBXResourcesBuildPhase section */

/* Begin PBXSourcesBuildPhase section */
		70EB4A7428661E710012BF4F /* Sources */ = {
			isa = PBXSourcesBuildPhase;
			buildActionMask = 2147483647;
			files = (
				70CCCFEF2A056C6400B0610F /* GistsCleanSwiftInteractor.swift in Sources */,
				70CCCFED2A056C6400B0610F /* GistsCleanSwiftModels.swift in Sources */,
				70CCCFF12A0694F500B0610F /* GistCell.swift in Sources */,
				70CCCFEA2A056C6400B0610F /* GistsCleanSwiftPresenter.swift in Sources */,
				70CCCFF32A06953E00B0610F /* GistViewController.swift in Sources */,
				70D5F5A22A1955E200E7BFC6 /* CreateBodyStruct.swift in Sources */,
				70CCCFEE2A056C6400B0610F /* GistsCleanSwiftViewController.swift in Sources */,
				70EB4A7C28661E710012BF4F /* AppDelegate.swift in Sources */,
				70CCCFEC2A056C6400B0610F /* GistsCleanSwiftRouter.swift in Sources */,
				70D5F59C2A1955A300E7BFC6 /* HTTPMethod.swift in Sources */,
				70D5F59E2A1955BC00E7BFC6 /* NetworkError.swift in Sources */,
				70EB4A7E28661E710012BF4F /* SceneDelegate.swift in Sources */,
				70D5F5A02A1955CE00E7BFC6 /* NetworkClient.swift in Sources */,
			);
			runOnlyForDeploymentPostprocessing = 0;
		};
/* End PBXSourcesBuildPhase section */

/* Begin PBXVariantGroup section */
		70EB4A8628661E730012BF4F /* LaunchScreen.storyboard */ = {
			isa = PBXVariantGroup;
			children = (
				70EB4A8728661E730012BF4F /* Base */,
			);
			name = LaunchScreen.storyboard;
			sourceTree = "<group>";
		};
/* End PBXVariantGroup section */

/* Begin XCBuildConfiguration section */
		70EB4A8A28661E730012BF4F /* Debug */ = {
			isa = XCBuildConfiguration;
			buildSettings = {
				ALWAYS_SEARCH_USER_PATHS = NO;
				CLANG_ANALYZER_NONNULL = YES;
				CLANG_ANALYZER_NUMBER_OBJECT_CONVERSION = YES_AGGRESSIVE;
				CLANG_CXX_LANGUAGE_STANDARD = "gnu++17";
				CLANG_ENABLE_MODULES = YES;
				CLANG_ENABLE_OBJC_ARC = YES;
				CLANG_ENABLE_OBJC_WEAK = YES;
				CLANG_WARN_BLOCK_CAPTURE_AUTORELEASING = YES;
				CLANG_WARN_BOOL_CONVERSION = YES;
				CLANG_WARN_COMMA = YES;
				CLANG_WARN_CONSTANT_CONVERSION = YES;
				CLANG_WARN_DEPRECATED_OBJC_IMPLEMENTATIONS = YES;
				CLANG_WARN_DIRECT_OBJC_ISA_USAGE = YES_ERROR;
				CLANG_WARN_DOCUMENTATION_COMMENTS = YES;
				CLANG_WARN_EMPTY_BODY = YES;
				CLANG_WARN_ENUM_CONVERSION = YES;
				CLANG_WARN_INFINITE_RECURSION = YES;
				CLANG_WARN_INT_CONVERSION = YES;
				CLANG_WARN_NON_LITERAL_NULL_CONVERSION = YES;
				CLANG_WARN_OBJC_IMPLICIT_RETAIN_SELF = YES;
				CLANG_WARN_OBJC_LITERAL_CONVERSION = YES;
				CLANG_WARN_OBJC_ROOT_CLASS = YES_ERROR;
				CLANG_WARN_QUOTED_INCLUDE_IN_FRAMEWORK_HEADER = YES;
				CLANG_WARN_RANGE_LOOP_ANALYSIS = YES;
				CLANG_WARN_STRICT_PROTOTYPES = YES;
				CLANG_WARN_SUSPICIOUS_MOVE = YES;
				CLANG_WARN_UNGUARDED_AVAILABILITY = YES_AGGRESSIVE;
				CLANG_WARN_UNREACHABLE_CODE = YES;
				CLANG_WARN__DUPLICATE_METHOD_MATCH = YES;
				COPY_PHASE_STRIP = NO;
				DEBUG_INFORMATION_FORMAT = dwarf;
				ENABLE_STRICT_OBJC_MSGSEND = YES;
				ENABLE_TESTABILITY = YES;
				GCC_C_LANGUAGE_STANDARD = gnu11;
				GCC_DYNAMIC_NO_PIC = NO;
				GCC_NO_COMMON_BLOCKS = YES;
				GCC_OPTIMIZATION_LEVEL = 0;
				GCC_PREPROCESSOR_DEFINITIONS = (
					"DEBUG=1",
					"$(inherited)",
				);
				GCC_WARN_64_TO_32_BIT_CONVERSION = YES;
				GCC_WARN_ABOUT_RETURN_TYPE = YES_ERROR;
				GCC_WARN_UNDECLARED_SELECTOR = YES;
				GCC_WARN_UNINITIALIZED_AUTOS = YES_AGGRESSIVE;
				GCC_WARN_UNUSED_FUNCTION = YES;
				GCC_WARN_UNUSED_VARIABLE = YES;
				IPHONEOS_DEPLOYMENT_TARGET = 15.5;
				MTL_ENABLE_DEBUG_INFO = INCLUDE_SOURCE;
				MTL_FAST_MATH = YES;
				ONLY_ACTIVE_ARCH = YES;
				SDKROOT = iphoneos;
				SWIFT_ACTIVE_COMPILATION_CONDITIONS = DEBUG;
				SWIFT_OPTIMIZATION_LEVEL = "-Onone";
			};
			name = Debug;
		};
		70EB4A8B28661E730012BF4F /* Release */ = {
			isa = XCBuildConfiguration;
			buildSettings = {
				ALWAYS_SEARCH_USER_PATHS = NO;
				CLANG_ANALYZER_NONNULL = YES;
				CLANG_ANALYZER_NUMBER_OBJECT_CONVERSION = YES_AGGRESSIVE;
				CLANG_CXX_LANGUAGE_STANDARD = "gnu++17";
				CLANG_ENABLE_MODULES = YES;
				CLANG_ENABLE_OBJC_ARC = YES;
				CLANG_ENABLE_OBJC_WEAK = YES;
				CLANG_WARN_BLOCK_CAPTURE_AUTORELEASING = YES;
				CLANG_WARN_BOOL_CONVERSION = YES;
				CLANG_WARN_COMMA = YES;
				CLANG_WARN_CONSTANT_CONVERSION = YES;
				CLANG_WARN_DEPRECATED_OBJC_IMPLEMENTATIONS = YES;
				CLANG_WARN_DIRECT_OBJC_ISA_USAGE = YES_ERROR;
				CLANG_WARN_DOCUMENTATION_COMMENTS = YES;
				CLANG_WARN_EMPTY_BODY = YES;
				CLANG_WARN_ENUM_CONVERSION = YES;
				CLANG_WARN_INFINITE_RECURSION = YES;
				CLANG_WARN_INT_CONVERSION = YES;
				CLANG_WARN_NON_LITERAL_NULL_CONVERSION = YES;
				CLANG_WARN_OBJC_IMPLICIT_RETAIN_SELF = YES;
				CLANG_WARN_OBJC_LITERAL_CONVERSION = YES;
				CLANG_WARN_OBJC_ROOT_CLASS = YES_ERROR;
				CLANG_WARN_QUOTED_INCLUDE_IN_FRAMEWORK_HEADER = YES;
				CLANG_WARN_RANGE_LOOP_ANALYSIS = YES;
				CLANG_WARN_STRICT_PROTOTYPES = YES;
				CLANG_WARN_SUSPICIOUS_MOVE = YES;
				CLANG_WARN_UNGUARDED_AVAILABILITY = YES_AGGRESSIVE;
				CLANG_WARN_UNREACHABLE_CODE = YES;
				CLANG_WARN__DUPLICATE_METHOD_MATCH = YES;
				COPY_PHASE_STRIP = NO;
				DEBUG_INFORMATION_FORMAT = "dwarf-with-dsym";
				ENABLE_NS_ASSERTIONS = NO;
				ENABLE_STRICT_OBJC_MSGSEND = YES;
				GCC_C_LANGUAGE_STANDARD = gnu11;
				GCC_NO_COMMON_BLOCKS = YES;
				GCC_WARN_64_TO_32_BIT_CONVERSION = YES;
				GCC_WARN_ABOUT_RETURN_TYPE = YES_ERROR;
				GCC_WARN_UNDECLARED_SELECTOR = YES;
				GCC_WARN_UNINITIALIZED_AUTOS = YES_AGGRESSIVE;
				GCC_WARN_UNUSED_FUNCTION = YES;
				GCC_WARN_UNUSED_VARIABLE = YES;
				IPHONEOS_DEPLOYMENT_TARGET = 15.5;
				MTL_ENABLE_DEBUG_INFO = NO;
				MTL_FAST_MATH = YES;
				SDKROOT = iphoneos;
				SWIFT_COMPILATION_MODE = wholemodule;
				SWIFT_OPTIMIZATION_LEVEL = "-O";
				VALIDATE_PRODUCT = YES;
			};
			name = Release;
		};
		70EB4A8D28661E730012BF4F /* Debug */ = {
			isa = XCBuildConfiguration;
			buildSettings = {
				ASSETCATALOG_COMPILER_APPICON_NAME = AppIcon;
				ASSETCATALOG_COMPILER_GLOBAL_ACCENT_COLOR_NAME = AccentColor;
				CODE_SIGN_STYLE = Automatic;
				CURRENT_PROJECT_VERSION = 1;
				DEVELOPMENT_TEAM = 9MWGQTB4CA;
				GENERATE_INFOPLIST_FILE = YES;
				INFOPLIST_FILE = Gists/Info.plist;
				INFOPLIST_KEY_UIApplicationSupportsIndirectInputEvents = YES;
				INFOPLIST_KEY_UILaunchStoryboardName = LaunchScreen;
				INFOPLIST_KEY_UIMainStoryboardFile = Main;
				INFOPLIST_KEY_UISupportedInterfaceOrientations = UIInterfaceOrientationPortrait;
				INFOPLIST_KEY_UISupportedInterfaceOrientations_iPad = "UIInterfaceOrientationPortrait UIInterfaceOrientationPortraitUpsideDown UIInterfaceOrientationLandscapeLeft UIInterfaceOrientationLandscapeRight";
				INFOPLIST_KEY_UISupportedInterfaceOrientations_iPhone = "UIInterfaceOrientationPortrait UIInterfaceOrientationLandscapeLeft UIInterfaceOrientationLandscapeRight";
				IPHONEOS_DEPLOYMENT_TARGET = 15.0;
				LD_RUNPATH_SEARCH_PATHS = (
					"$(inherited)",
					"@executable_path/Frameworks",
				);
				MARKETING_VERSION = 1.0;
				PRODUCT_BUNDLE_IDENTIFIER = dmitriyPodolskiy.Gists;
				PRODUCT_NAME = "$(TARGET_NAME)";
				SWIFT_EMIT_LOC_STRINGS = YES;
				SWIFT_VERSION = 5.0;
				TARGETED_DEVICE_FAMILY = 1;
			};
			name = Debug;
		};
		70EB4A8E28661E730012BF4F /* Release */ = {
			isa = XCBuildConfiguration;
			buildSettings = {
				ASSETCATALOG_COMPILER_APPICON_NAME = AppIcon;
				ASSETCATALOG_COMPILER_GLOBAL_ACCENT_COLOR_NAME = AccentColor;
				CODE_SIGN_STYLE = Automatic;
				CURRENT_PROJECT_VERSION = 1;
				DEVELOPMENT_TEAM = 9MWGQTB4CA;
				GENERATE_INFOPLIST_FILE = YES;
				INFOPLIST_FILE = Gists/Info.plist;
				INFOPLIST_KEY_UIApplicationSupportsIndirectInputEvents = YES;
				INFOPLIST_KEY_UILaunchStoryboardName = LaunchScreen;
				INFOPLIST_KEY_UIMainStoryboardFile = Main;
				INFOPLIST_KEY_UISupportedInterfaceOrientations = UIInterfaceOrientationPortrait;
				INFOPLIST_KEY_UISupportedInterfaceOrientations_iPad = "UIInterfaceOrientationPortrait UIInterfaceOrientationPortraitUpsideDown UIInterfaceOrientationLandscapeLeft UIInterfaceOrientationLandscapeRight";
				INFOPLIST_KEY_UISupportedInterfaceOrientations_iPhone = "UIInterfaceOrientationPortrait UIInterfaceOrientationLandscapeLeft UIInterfaceOrientationLandscapeRight";
				IPHONEOS_DEPLOYMENT_TARGET = 15.0;
				LD_RUNPATH_SEARCH_PATHS = (
					"$(inherited)",
					"@executable_path/Frameworks",
				);
				MARKETING_VERSION = 1.0;
				PRODUCT_BUNDLE_IDENTIFIER = dmitriyPodolskiy.Gists;
				PRODUCT_NAME = "$(TARGET_NAME)";
				SWIFT_EMIT_LOC_STRINGS = YES;
				SWIFT_VERSION = 5.0;
				TARGETED_DEVICE_FAMILY = 1;
			};
			name = Release;
		};
/* End XCBuildConfiguration section */

/* Begin XCConfigurationList section */
		70EB4A7328661E710012BF4F /* Build configuration list for PBXProject "Gists" */ = {
			isa = XCConfigurationList;
			buildConfigurations = (
				70EB4A8A28661E730012BF4F /* Debug */,
				70EB4A8B28661E730012BF4F /* Release */,
			);
			defaultConfigurationIsVisible = 0;
			defaultConfigurationName = Release;
		};
		70EB4A8C28661E730012BF4F /* Build configuration list for PBXNativeTarget "Gists" */ = {
			isa = XCConfigurationList;
			buildConfigurations = (
				70EB4A8D28661E730012BF4F /* Debug */,
				70EB4A8E28661E730012BF4F /* Release */,
			);
			defaultConfigurationIsVisible = 0;
			defaultConfigurationName = Release;
		};
/* End XCConfigurationList section */
	};
	rootObject = 70EB4A7028661E710012BF4F /* Project object */;
}
